// !$*UTF8*$!
{
	archiveVersion = 1;
	classes = {
	};
	objectVersion = 50;
	objects = {

/* Begin PBXBuildFile section */
		136BBA6F246BFB9500501C74 /* AppDelegate.swift in Sources */ = {isa = PBXBuildFile; fileRef = 136BBA6E246BFB9500501C74 /* AppDelegate.swift */; };
		136BBA71246BFB9500501C74 /* SceneDelegate.swift in Sources */ = {isa = PBXBuildFile; fileRef = 136BBA70246BFB9500501C74 /* SceneDelegate.swift */; };
		136BBA73246BFB9500501C74 /* ViewController.swift in Sources */ = {isa = PBXBuildFile; fileRef = 136BBA72246BFB9500501C74 /* ViewController.swift */; };
		136BBA76246BFB9500501C74 /* Main.storyboard in Resources */ = {isa = PBXBuildFile; fileRef = 136BBA74246BFB9500501C74 /* Main.storyboard */; };
		136BBA78246BFB9800501C74 /* Assets.xcassets in Resources */ = {isa = PBXBuildFile; fileRef = 136BBA77246BFB9800501C74 /* Assets.xcassets */; };
		136BBA7B246BFB9800501C74 /* LaunchScreen.storyboard in Resources */ = {isa = PBXBuildFile; fileRef = 136BBA79246BFB9800501C74 /* LaunchScreen.storyboard */; };
/* End PBXBuildFile section */

/* Begin PBXFileReference section */
		136BBA6B246BFB9500501C74 /* TestBGScheduler.app */ = {isa = PBXFileReference; explicitFileType = wrapper.application; includeInIndex = 0; path = TestBGScheduler.app; sourceTree = BUILT_PRODUCTS_DIR; };
		136BBA6E246BFB9500501C74 /* AppDelegate.swift */ = {isa = PBXFileReference; lastKnownFileType = sourcecode.swift; path = AppDelegate.swift; sourceTree = "<group>"; };
		136BBA70246BFB9500501C74 /* SceneDelegate.swift */ = {isa = PBXFileReference; lastKnownFileType = sourcecode.swift; path = SceneDelegate.swift; sourceTree = "<group>"; };
		136BBA72246BFB9500501C74 /* ViewController.swift */ = {isa = PBXFileReference; lastKnownFileType = sourcecode.swift; path = ViewController.swift; sourceTree = "<group>"; };
		136BBA75246BFB9500501C74 /* Base */ = {isa = PBXFileReference; lastKnownFileType = file.storyboard; name = Base; path = Base.lproj/Main.storyboard; sourceTree = "<group>"; };
		136BBA77246BFB9800501C74 /* Assets.xcassets */ = {isa = PBXFileReference; lastKnownFileType = folder.assetcatalog; path = Assets.xcassets; sourceTree = "<group>"; };
		136BBA7A246BFB9800501C74 /* Base */ = {isa = PBXFileReference; lastKnownFileType = file.storyboard; name = Base; path = Base.lproj/LaunchScreen.storyboard; sourceTree = "<group>"; };
		136BBA7C246BFB9800501C74 /* Info.plist */ = {isa = PBXFileReference; lastKnownFileType = text.plist.xml; path = Info.plist; sourceTree = "<group>"; };
/* End PBXFileReference section */

/* Begin PBXFrameworksBuildPhase section */
		136BBA68246BFB9500501C74 /* Frameworks */ = {
			isa = PBXFrameworksBuildPhase;
			buildActionMask = 2147483647;
			files = (
			);
			runOnlyForDeploymentPostprocessing = 0;
		};
/* End PBXFrameworksBuildPhase section */

/* Begin PBXGroup section */
		136BBA62246BFB9500501C74 = {
			isa = PBXGroup;
			children = (
				136BBA6D246BFB9500501C74 /* TestBGScheduler */,
				136BBA6C246BFB9500501C74 /* Products */,
			);
			sourceTree = "<group>";
		};
		136BBA6C246BFB9500501C74 /* Products */ = {
			isa = PBXGroup;
			children = (
				136BBA6B246BFB9500501C74 /* TestBGScheduler.app */,
			);
			name = Products;
			sourceTree = "<group>";
		};
		136BBA6D246BFB9500501C74 /* TestBGScheduler */ = {
			isa = PBXGroup;
			children = (
				136BBA6E246BFB9500501C74 /* AppDelegate.swift */,
				136BBA70246BFB9500501C74 /* SceneDelegate.swift */,
				136BBA72246BFB9500501C74 /* ViewController.swift */,
				136BBA74246BFB9500501C74 /* Main.storyboard */,
				136BBA77246BFB9800501C74 /* Assets.xcassets */,
				136BBA79246BFB9800501C74 /* LaunchScreen.storyboard */,
				136BBA7C246BFB9800501C74 /* Info.plist */,
			);
			path = TestBGScheduler;
			sourceTree = "<group>";
		};
/* End PBXGroup section */

/* Begin PBXNativeTarget section */
		136BBA6A246BFB9500501C74 /* TestBGScheduler */ = {
			isa = PBXNativeTarget;
			buildConfigurationList = 136BBA7F246BFB9800501C74 /* Build configuration list for PBXNativeTarget "TestBGScheduler" */;
			buildPhases = (
				136BBA67246BFB9500501C74 /* Sources */,
				136BBA68246BFB9500501C74 /* Frameworks */,
				136BBA69246BFB9500501C74 /* Resources */,
			);
			buildRules = (
			);
			dependencies = (
			);
			name = TestBGScheduler;
			productName = TestBGScheduler;
			productReference = 136BBA6B246BFB9500501C74 /* TestBGScheduler.app */;
			productType = "com.apple.product-type.application";
		};
/* End PBXNativeTarget section */

/* Begin PBXProject section */
		136BBA63246BFB9500501C74 /* Project object */ = {
			isa = PBXProject;
			attributes = {
				LastSwiftUpdateCheck = 1150;
				LastUpgradeCheck = 1150;
				ORGANIZATIONNAME = Lmd64;
				TargetAttributes = {
					136BBA6A246BFB9500501C74 = {
						CreatedOnToolsVersion = 11.5;
					};
				};
			};
			buildConfigurationList = 136BBA66246BFB9500501C74 /* Build configuration list for PBXProject "TestBGScheduler" */;
			compatibilityVersion = "Xcode 9.3";
			developmentRegion = en;
			hasScannedForEncodings = 0;
			knownRegions = (
				en,
				Base,
			);
			mainGroup = 136BBA62246BFB9500501C74;
			productRefGroup = 136BBA6C246BFB9500501C74 /* Products */;
			projectDirPath = "";
			projectRoot = "";
			targets = (
				136BBA6A246BFB9500501C74 /* TestBGScheduler */,
			);
		};
/* End PBXProject section */

/* Begin PBXResourcesBuildPhase section */
		136BBA69246BFB9500501C74 /* Resources */ = {
			isa = PBXResourcesBuildPhase;
			buildActionMask = 2147483647;
			files = (
				136BBA7B246BFB9800501C74 /* LaunchScreen.storyboard in Resources */,
				136BBA78246BFB9800501C74 /* Assets.xcassets in Resources */,
				136BBA76246BFB9500501C74 /* Main.storyboard in Resources */,
			);
			runOnlyForDeploymentPostprocessing = 0;
		};
/* End PBXResourcesBuildPhase section */

/* Begin PBXSourcesBuildPhase section */
		136BBA67246BFB9500501C74 /* Sources */ = {
			isa = PBXSourcesBuildPhase;
			buildActionMask = 2147483647;
			files = (
				136BBA73246BFB9500501C74 /* ViewController.swift in Sources */,
				136BBA6F246BFB9500501C74 /* AppDelegate.swift in Sources */,
				136BBA71246BFB9500501C74 /* SceneDelegate.swift in Sources */,
			);
			runOnlyForDeploymentPostprocessing = 0;
		};
/* End PBXSourcesBuildPhase section */

/* Begin PBXVariantGroup section */
		136BBA74246BFB9500501C74 /* Main.storyboard */ = {
			isa = PBXVariantGroup;
			children = (
				136BBA75246BFB9500501C74 /* Base */,
			);
			name = Main.storyboard;
			sourceTree = "<group>";
		};
		136BBA79246BFB9800501C74 /* LaunchScreen.storyboard */ = {
			isa = PBXVariantGroup;
			children = (
				136BBA7A246BFB9800501C74 /* Base */,
			);
			name = LaunchScreen.storyboard;
			sourceTree = "<group>";
		};
/* End PBXVariantGroup section */

/* Begin XCBuildConfiguration section */
		136BBA7D246BFB9800501C74 /* Debug */ = {
			isa = XCBuildConfiguration;
			buildSettings = {
				ALWAYS_SEARCH_USER_PATHS = NO;
				CLANG_ANALYZER_NONNULL = YES;
				CLANG_ANALYZER_NUMBER_OBJECT_CONVERSION = YES_AGGRESSIVE;
				CLANG_CXX_LANGUAGE_STANDARD = "gnu++14";
				CLANG_CXX_LIBRARY = "libc++";
				CLANG_ENABLE_MODULES = YES;
				CLANG_ENABLE_OBJC_ARC = YES;
				CLANG_ENABLE_OBJC_WEAK = YES;
				CLANG_WARN_BLOCK_CAPTURE_AUTORELEASING = YES;
				CLANG_WARN_BOOL_CONVERSION = YES;
				CLANG_WARN_COMMA = YES;
				CLANG_WARN_CONSTANT_CONVERSION = YES;
				CLANG_WARN_DEPRECATED_OBJC_IMPLEMENTATIONS = YES;
				CLANG_WARN_DIRECT_OBJC_ISA_USAGE = YES_ERROR;
				CLANG_WARN_DOCUMENTATION_COMMENTS = YES;
				CLANG_WARN_EMPTY_BODY = YES;
				CLANG_WARN_ENUM_CONVERSION = YES;
				CLANG_WARN_INFINITE_RECURSION = YES;
				CLANG_WARN_INT_CONVERSION = YES;
				CLANG_WARN_NON_LITERAL_NULL_CONVERSION = YES;
				CLANG_WARN_OBJC_IMPLICIT_RETAIN_SELF = YES;
				CLANG_WARN_OBJC_LITERAL_CONVERSION = YES;
				CLANG_WARN_OBJC_ROOT_CLASS = YES_ERROR;
				CLANG_WARN_RANGE_LOOP_ANALYSIS = YES;
				CLANG_WARN_STRICT_PROTOTYPES = YES;
				CLANG_WARN_SUSPICIOUS_MOVE = YES;
				CLANG_WARN_UNGUARDED_AVAILABILITY = YES_AGGRESSIVE;
				CLANG_WARN_UNREACHABLE_CODE = YES;
				CLANG_WARN__DUPLICATE_METHOD_MATCH = YES;
				COPY_PHASE_STRIP = NO;
				DEBUG_INFORMATION_FORMAT = dwarf;
				ENABLE_STRICT_OBJC_MSGSEND = YES;
				ENABLE_TESTABILITY = YES;
				GCC_C_LANGUAGE_STANDARD = gnu11;
				GCC_DYNAMIC_NO_PIC = NO;
				GCC_NO_COMMON_BLOCKS = YES;
				GCC_OPTIMIZATION_LEVEL = 0;
				GCC_PREPROCESSOR_DEFINITIONS = (
					"DEBUG=1",
					"$(inherited)",
				);
				GCC_WARN_64_TO_32_BIT_CONVERSION = YES;
				GCC_WARN_ABOUT_RETURN_TYPE = YES_ERROR;
				GCC_WARN_UNDECLARED_SELECTOR = YES;
				GCC_WARN_UNINITIALIZED_AUTOS = YES_AGGRESSIVE;
				GCC_WARN_UNUSED_FUNCTION = YES;
				GCC_WARN_UNUSED_VARIABLE = YES;
				IPHONEOS_DEPLOYMENT_TARGET = 13.5;
				MTL_ENABLE_DEBUG_INFO = INCLUDE_SOURCE;
				MTL_FAST_MATH = YES;
				ONLY_ACTIVE_ARCH = YES;
				SDKROOT = iphoneos;
				SWIFT_ACTIVE_COMPILATION_CONDITIONS = DEBUG;
				SWIFT_OPTIMIZATION_LEVEL = "-Onone";
			};
			name = Debug;
		};
		136BBA7E246BFB9800501C74 /* Release */ = {
			isa = XCBuildConfiguration;
			buildSettings = {
				ALWAYS_SEARCH_USER_PATHS = NO;
				CLANG_ANALYZER_NONNULL = YES;
				CLANG_ANALYZER_NUMBER_OBJECT_CONVERSION = YES_AGGRESSIVE;
				CLANG_CXX_LANGUAGE_STANDARD = "gnu++14";
				CLANG_CXX_LIBRARY = "libc++";
				CLANG_ENABLE_MODULES = YES;
				CLANG_ENABLE_OBJC_ARC = YES;
				CLANG_ENABLE_OBJC_WEAK = YES;
				CLANG_WARN_BLOCK_CAPTURE_AUTORELEASING = YES;
				CLANG_WARN_BOOL_CONVERSION = YES;
				CLANG_WARN_COMMA = YES;
				CLANG_WARN_CONSTANT_CONVERSION = YES;
				CLANG_WARN_DEPRECATED_OBJC_IMPLEMENTATIONS = YES;
				CLANG_WARN_DIRECT_OBJC_ISA_USAGE = YES_ERROR;
				CLANG_WARN_DOCUMENTATION_COMMENTS = YES;
				CLANG_WARN_EMPTY_BODY = YES;
				CLANG_WARN_ENUM_CONVERSION = YES;
				CLANG_WARN_INFINITE_RECURSION = YES;
				CLANG_WARN_INT_CONVERSION = YES;
				CLANG_WARN_NON_LITERAL_NULL_CONVERSION = YES;
				CLANG_WARN_OBJC_IMPLICIT_RETAIN_SELF = YES;
				CLANG_WARN_OBJC_LITERAL_CONVERSION = YES;
				CLANG_WARN_OBJC_ROOT_CLASS = YES_ERROR;
				CLANG_WARN_RANGE_LOOP_ANALYSIS = YES;
				CLANG_WARN_STRICT_PROTOTYPES = YES;
				CLANG_WARN_SUSPICIOUS_MOVE = YES;
				CLANG_WARN_UNGUARDED_AVAILABILITY = YES_AGGRESSIVE;
				CLANG_WARN_UNREACHABLE_CODE = YES;
				CLANG_WARN__DUPLICATE_METHOD_MATCH = YES;
				COPY_PHASE_STRIP = NO;
				DEBUG_INFORMATION_FORMAT = "dwarf-with-dsym";
				ENABLE_NS_ASSERTIONS = NO;
				ENABLE_STRICT_OBJC_MSGSEND = YES;
				GCC_C_LANGUAGE_STANDARD = gnu11;
				GCC_NO_COMMON_BLOCKS = YES;
				GCC_WARN_64_TO_32_BIT_CONVERSION = YES;
				GCC_WARN_ABOUT_RETURN_TYPE = YES_ERROR;
				GCC_WARN_UNDECLARED_SELECTOR = YES;
				GCC_WARN_UNINITIALIZED_AUTOS = YES_AGGRESSIVE;
				GCC_WARN_UNUSED_FUNCTION = YES;
				GCC_WARN_UNUSED_VARIABLE = YES;
				IPHONEOS_DEPLOYMENT_TARGET = 13.5;
				MTL_ENABLE_DEBUG_INFO = NO;
				MTL_FAST_MATH = YES;
				SDKROOT = iphoneos;
				SWIFT_COMPILATION_MODE = wholemodule;
				SWIFT_OPTIMIZATION_LEVEL = "-O";
				VALIDATE_PRODUCT = YES;
			};
			name = Release;
		};
		136BBA80246BFB9800501C74 /* Debug */ = {
			isa = XCBuildConfiguration;
			buildSettings = {
				ASSETCATALOG_COMPILER_APPICON_NAME = AppIcon;
				CODE_SIGN_STYLE = Automatic;
				DEVELOPMENT_TEAM = ERF2T2UNH6;
				INFOPLIST_FILE = TestBGScheduler/Info.plist;
				LD_RUNPATH_SEARCH_PATHS = (
					"$(inherited)",
					"@executable_path/Frameworks",
				);
				PRODUCT_BUNDLE_IDENTIFIER = com.Lmd64.TestBGScheduler;
				PRODUCT_NAME = "$(TARGET_NAME)";
				SWIFT_VERSION = 5.0;
				TARGETED_DEVICE_FAMILY = "1,2";
			};
			name = Debug;
		};
		136BBA81246BFB9800501C74 /* Release */ = {
			isa = XCBuildConfiguration;
			buildSettings = {
				ASSETCATALOG_COMPILER_APPICON_NAME = AppIcon;
				CODE_SIGN_STYLE = Automatic;
				DEVELOPMENT_TEAM = ERF2T2UNH6;
				INFOPLIST_FILE = TestBGScheduler/Info.plist;
				LD_RUNPATH_SEARCH_PATHS = (
					"$(inherited)",
					"@executable_path/Frameworks",
				);
				PRODUCT_BUNDLE_IDENTIFIER = com.Lmd64.TestBGScheduler;
				PRODUCT_NAME = "$(TARGET_NAME)";
				SWIFT_VERSION = 5.0;
				TARGETED_DEVICE_FAMILY = "1,2";
			};
			name = Release;
		};
/* End XCBuildConfiguration section */

/* Begin XCConfigurationList section */
		136BBA66246BFB9500501C74 /* Build configuration list for PBXProject "TestBGScheduler" */ = {
			isa = XCConfigurationList;
			buildConfigurations = (
				136BBA7D246BFB9800501C74 /* Debug */,
				136BBA7E246BFB9800501C74 /* Release */,
			);
			defaultConfigurationIsVisible = 0;
			defaultConfigurationName = Release;
		};
		136BBA7F246BFB9800501C74 /* Build configuration list for PBXNativeTarget "TestBGScheduler" */ = {
			isa = XCConfigurationList;
			buildConfigurations = (
				136BBA80246BFB9800501C74 /* Debug */,
				136BBA81246BFB9800501C74 /* Release */,
			);
			defaultConfigurationIsVisible = 0;
			defaultConfigurationName = Release;
		};
/* End XCConfigurationList section */
	};
	rootObject = 136BBA63246BFB9500501C74 /* Project object */;
}
